
Microsoft Visual Studio Solution File, Format Version 12.00
# Visual Studio Version 17
VisualStudioVersion = 17.0.31903.59
MinimumVisualStudioVersion = 10.0.40219.1
Project("{FAE04EC0-301F-11D3-BF4B-00C04F79EFBC}") = "T2306E_Test", "T2306E_Test\T2306E_Test.csproj", "{A5ACE8CF-BE01-4D05-AEC1-9848CE38AA2B}"
EndProject
Project("{FAE04EC0-301F-11D3-BF4B-00C04F79EFBC}") = "App", "App\App.csproj", "{151012A9-D0D7-4850-9B7D-8A583165BA05}"
EndProject
Global
	GlobalSection(SolutionConfigurationPlatforms) = preSolution
		Debug|Any CPU = Debug|Any CPU
		Release|Any CPU = Release|Any CPU
	EndGlobalSection
	GlobalSection(SolutionProperties) = preSolution
		HideSolutionNode = FALSE
	EndGlobalSection
	GlobalSection(ProjectConfigurationPlatforms) = postSolution
		{A5ACE8CF-BE01-4D05-AEC1-9848CE38AA2B}.Debug|Any CPU.ActiveCfg = Debug|Any CPU
		{A5ACE8CF-BE01-4D05-AEC1-9848CE38AA2B}.Debug|Any CPU.Build.0 = Debug|Any CPU
		{A5ACE8CF-BE01-4D05-AEC1-9848CE38AA2B}.Release|Any CPU.ActiveCfg = Release|Any CPU
		{A5ACE8CF-BE01-4D05-AEC1-9848CE38AA2B}.Release|Any CPU.Build.0 = Release|Any CPU
		{151012A9-D0D7-4850-9B7D-8A583165BA05}.Debug|Any CPU.ActiveCfg = Debug|Any CPU
		{151012A9-D0D7-4850-9B7D-8A583165BA05}.Debug|Any CPU.Build.0 = Debug|Any CPU
		{151012A9-D0D7-4850-9B7D-8A583165BA05}.Release|Any CPU.ActiveCfg = Release|Any CPU
		{151012A9-D0D7-4850-9B7D-8A583165BA05}.Release|Any CPU.Build.0 = Release|Any CPU
	EndGlobalSection
EndGlobal
