
Microsoft Visual Studio Solution File, Format Version 12.00
# Visual Studio Version 17
VisualStudioVersion = 17.5.002.0
MinimumVisualStudioVersion = 10.0.40219.1
Project("{9A19103F-16F7-4668-BE54-9A1E7A4F7556}") = "TenUngDung", "TenUngDung.csproj", "{B3DAA50D-140E-4317-9FC8-B234E72D4695}"
EndProject
Global
	GlobalSection(SolutionConfigurationPlatforms) = preSolution
		Debug|Any CPU = Debug|Any CPU
		Release|Any CPU = Release|Any CPU
	EndGlobalSection
	GlobalSection(ProjectConfigurationPlatforms) = postSolution
		{B3DAA50D-140E-4317-9FC8-B234E72D4695}.Debug|Any CPU.ActiveCfg = Debug|Any CPU
		{B3DAA50D-140E-4317-9FC8-B234E72D4695}.Debug|Any CPU.Build.0 = Debug|Any CPU
		{B3DAA50D-140E-4317-9FC8-B234E72D4695}.Release|Any CPU.ActiveCfg = Release|Any CPU
		{B3DAA50D-140E-4317-9FC8-B234E72D4695}.Release|Any CPU.Build.0 = Release|Any CPU
	EndGlobalSection
	GlobalSection(SolutionProperties) = preSolution
		HideSolutionNode = FALSE
	EndGlobalSection
	GlobalSection(ExtensibilityGlobals) = postSolution
		SolutionGuid = {EBE87A79-C254-4E4C-9640-A7C3C47C285F}
	EndGlobalSection
EndGlobal
