
Microsoft Visual Studio Solution File, Format Version 12.00
# Visual Studio Version 17
VisualStudioVersion = 17.9.34714.143
MinimumVisualStudioVersion = 10.0.40219.1
Project("{FAE04EC0-301F-11D3-BF4B-00C04F79EFBC}") = "ProductMaui", "ProductMaui.csproj", "{471EB760-4676-449A-8EF3-5F6095B8AF3C}"
EndProject
Global
	GlobalSection(SolutionConfigurationPlatforms) = preSolution
		Debug|Any CPU = Debug|Any CPU
		Release|Any CPU = Release|Any CPU
	EndGlobalSection
	GlobalSection(ProjectConfigurationPlatforms) = postSolution
		{471EB760-4676-449A-8EF3-5F6095B8AF3C}.Debug|Any CPU.ActiveCfg = Debug|Any CPU
		{471EB760-4676-449A-8EF3-5F6095B8AF3C}.Debug|Any CPU.Build.0 = Debug|Any CPU
		{471EB760-4676-449A-8EF3-5F6095B8AF3C}.Debug|Any CPU.Deploy.0 = Debug|Any CPU
		{471EB760-4676-449A-8EF3-5F6095B8AF3C}.Release|Any CPU.ActiveCfg = Release|Any CPU
		{471EB760-4676-449A-8EF3-5F6095B8AF3C}.Release|Any CPU.Build.0 = Release|Any CPU
		{471EB760-4676-449A-8EF3-5F6095B8AF3C}.Release|Any CPU.Deploy.0 = Release|Any CPU
	EndGlobalSection
	GlobalSection(SolutionProperties) = preSolution
		HideSolutionNode = FALSE
	EndGlobalSection
	GlobalSection(ExtensibilityGlobals) = postSolution
		SolutionGuid = {8F081D28-D93F-4DC1-B1A5-DD6C5175E75E}
	EndGlobalSection
EndGlobal
